{
  "name": "L-Tool",
  "lockfileVersion": 2,
  "requires": true,
  "packages": {
    "node_modules/@babel/parser": {
      "version": "7.23.3",
      "resolved": "http://10.100.1.25:4873/@babel%2fparser/-/parser-7.23.3.tgz",
      "integrity": "sha512-uVsWNvlVsIninV2prNz/3lHCb+5CJ+e+IUBfbjToAHODtfGYLfCFuY4AU7TskI+dAKk+njsPiBjq1gKTvZOBaw==",
      "license": "MIT",
      "peer": true,
      "bin": {
        "parser": "bin/babel-parser.js"
      },
      "engines": {
        "node": ">=6.0.0"
      }
    },
    "node_modules/@ctrl/tinycolor": {
      "version": "3.6.1",
      "resolved": "http://10.100.1.25:4873/@ctrl%2ftinycolor/-/tinycolor-3.6.1.tgz",
      "integrity": "sha512-SITSV6aIXsuVNV3f3O0f2n/cgyEDWoSqtZMYiAmcsYHydcKrOz3gUxB/iXd/Qf08+IZX4KpgNbvUdMBmWz+kcA==",
      "license": "MIT",
      "engines": {
        "node": ">=10"
      }
    },
    "node_modules/@element-plus/icons-vue": {
      "version": "2.1.0",
      "resolved": "http://10.100.1.25:4873/@element-plus%2ficons-vue/-/icons-vue-2.1.0.tgz",
      "integrity": "sha512-PSBn3elNoanENc1vnCfh+3WA9fimRC7n+fWkf3rE5jvv+aBohNHABC/KAR5KWPecxWxDTVT1ERpRbOMRcOV/vA==",
      "license": "MIT",
      "peerDependencies": {
        "vue": "^3.2.0"
      }
    },
    "node_modules/@floating-ui/core": {
      "version": "1.5.0",
      "resolved": "http://10.100.1.25:4873/@floating-ui%2fcore/-/core-1.5.0.tgz",
      "integrity": "sha512-kK1h4m36DQ0UHGj5Ah4db7R0rHemTqqO0QLvUqi1/mUUp3LuAWbWxdxSIf/XsnH9VS6rRVPLJCncjRzUvyCLXg==",
      "license": "MIT",
      "dependencies": {
        "@floating-ui/utils": "^0.1.3"
      }
    },
    "node_modules/@floating-ui/dom": {
      "version": "1.5.3",
      "resolved": "http://10.100.1.25:4873/@floating-ui%2fdom/-/dom-1.5.3.tgz",
      "integrity": "sha512-ClAbQnEqJAKCJOEbbLo5IUlZHkNszqhuxS4fHAVxRPXPya6Ysf2G8KypnYcOTpx6I8xcgF9bbHb6g/2KpbV8qA==",
      "license": "MIT",
      "dependencies": {
        "@floating-ui/core": "^1.4.2",
        "@floating-ui/utils": "^0.1.3"
      }
    },
    "node_modules/@floating-ui/utils": {
      "version": "0.1.6",
      "resolved": "http://10.100.1.25:4873/@floating-ui%2futils/-/utils-0.1.6.tgz",
      "integrity": "sha512-OfX7E2oUDYxtBvsuS4e/jSn4Q9Qb6DzgeYtsAdkPZ47znpoNsMgZw0+tVijiv3uGNR6dgNlty6r9rzIzHjtd/A==",
      "license": "MIT"
    },
    "node_modules/@jridgewell/sourcemap-codec": {
      "version": "1.4.15",
      "resolved": "http://10.100.1.25:4873/@jridgewell%2fsourcemap-codec/-/sourcemap-codec-1.4.15.tgz",
      "integrity": "sha512-eF2rxCRulEKXHTRiDrDy6erMYWqNw4LPdQ8UQA4huuxaQsVeRPFl2oM8oDGxMFhJUWZf9McpLtJasDDZb/Bpeg==",
      "license": "MIT",
      "peer": true
    },
    "node_modules/@popperjs/core": {
      "name": "@sxzz/popperjs-es",
      "version": "2.11.7",
      "resolved": "http://10.100.1.25:4873/@sxzz%2fpopperjs-es/-/popperjs-es-2.11.7.tgz",
      "integrity": "sha512-Ccy0NlLkzr0Ex2FKvh2X+OyERHXJ88XJ1MXtsI9y9fGexlaXaVTPzBCRBwIxFkORuOb+uBqeu+RqnpgYTEZRUQ==",
      "license": "MIT",
      "funding": {
        "type": "opencollective",
        "url": "https://opencollective.com/popperjs"
      }
    },
    "node_modules/@types/lodash": {
      "version": "4.14.201",
      "resolved": "http://10.100.1.25:4873/@types%2flodash/-/lodash-4.14.201.tgz",
      "integrity": "sha512-y9euML0cim1JrykNxADLfaG0FgD1g/yTHwUs/Jg9ZIU7WKj2/4IW9Lbb1WZbvck78W/lfGXFfe+u2EGfIJXdLQ==",
      "license": "MIT"
    },
    "node_modules/@types/lodash-es": {
      "version": "4.17.11",
      "resolved": "http://10.100.1.25:4873/@types%2flodash-es/-/lodash-es-4.17.11.tgz",
      "integrity": "sha512-eCw8FYAWHt2DDl77s+AMLLzPn310LKohruumpucZI4oOFJkIgnlaJcy23OKMJxx4r9PeTF13Gv6w+jqjWQaYUg==",
      "license": "MIT",
      "dependencies": {
        "@types/lodash": "*"
      }
    },
    "node_modules/@types/web-bluetooth": {
      "version": "0.0.16",
      "resolved": "http://10.100.1.25:4873/@types%2fweb-bluetooth/-/web-bluetooth-0.0.16.tgz",
      "integrity": "sha512-oh8q2Zc32S6gd/j50GowEjKLoOVOwHP/bWVjKJInBwQqdOYMdPrf1oVlelTlyfFK3CKxL1uahMDAr+vy8T7yMQ==",
      "license": "MIT"
    },
    "node_modules/@vue/compiler-core": {
      "version": "3.3.8",
      "resolved": "http://10.100.1.25:4873/@vue%2fcompiler-core/-/compiler-core-3.3.8.tgz",
      "integrity": "sha512-hN/NNBUECw8SusQvDSqqcVv6gWq8L6iAktUR0UF3vGu2OhzRqcOiAno0FmBJWwxhYEXRlQJT5XnoKsVq1WZx4g==",
      "license": "MIT",
      "peer": true,
      "dependencies": {
        "@babel/parser": "^7.23.0",
        "@vue/shared": "3.3.8",
        "estree-walker": "^2.0.2",
        "source-map-js": "^1.0.2"
      }
    },
    "node_modules/@vue/compiler-dom": {
      "version": "3.3.8",
      "resolved": "http://10.100.1.25:4873/@vue%2fcompiler-dom/-/compiler-dom-3.3.8.tgz",
      "integrity": "sha512-+PPtv+p/nWDd0AvJu3w8HS0RIm/C6VGBIRe24b9hSyNWOAPEUosFZ5diwawwP8ip5sJ8n0Pe87TNNNHnvjs0FQ==",
      "license": "MIT",
      "peer": true,
      "dependencies": {
        "@vue/compiler-core": "3.3.8",
        "@vue/shared": "3.3.8"
      }
    },
    "node_modules/@vue/compiler-sfc": {
      "version": "3.3.8",
      "resolved": "http://10.100.1.25:4873/@vue%2fcompiler-sfc/-/compiler-sfc-3.3.8.tgz",
      "integrity": "sha512-WMzbUrlTjfYF8joyT84HfwwXo+8WPALuPxhy+BZ6R4Aafls+jDBnSz8PDz60uFhuqFbl3HxRfxvDzrUf3THwpA==",
      "license": "MIT",
      "peer": true,
      "dependencies": {
        "@babel/parser": "^7.23.0",
        "@vue/compiler-core": "3.3.8",
        "@vue/compiler-dom": "3.3.8",
        "@vue/compiler-ssr": "3.3.8",
        "@vue/reactivity-transform": "3.3.8",
        "@vue/shared": "3.3.8",
        "estree-walker": "^2.0.2",
        "magic-string": "^0.30.5",
        "postcss": "^8.4.31",
        "source-map-js": "^1.0.2"
      }
    },
    "node_modules/@vue/compiler-ssr": {
      "version": "3.3.8",
      "resolved": "http://10.100.1.25:4873/@vue%2fcompiler-ssr/-/compiler-ssr-3.3.8.tgz",
      "integrity": "sha512-hXCqQL/15kMVDBuoBYpUnSYT8doDNwsjvm3jTefnXr+ytn294ySnT8NlsFHmTgKNjwpuFy7XVV8yTeLtNl/P6w==",
      "license": "MIT",
      "peer": true,
      "dependencies": {
        "@vue/compiler-dom": "3.3.8",
        "@vue/shared": "3.3.8"
      }
    },
    "node_modules/@vue/reactivity": {
      "version": "3.3.8",
      "resolved": "http://10.100.1.25:4873/@vue%2freactivity/-/reactivity-3.3.8.tgz",
      "integrity": "sha512-ctLWitmFBu6mtddPyOKpHg8+5ahouoTCRtmAHZAXmolDtuZXfjL2T3OJ6DL6ezBPQB1SmMnpzjiWjCiMYmpIuw==",
      "license": "MIT",
      "peer": true,
      "dependencies": {
        "@vue/shared": "3.3.8"
      }
    },
    "node_modules/@vue/reactivity-transform": {
      "version": "3.3.8",
      "resolved": "http://10.100.1.25:4873/@vue%2freactivity-transform/-/reactivity-transform-3.3.8.tgz",
      "integrity": "sha512-49CvBzmZNtcHua0XJ7GdGifM8GOXoUMOX4dD40Y5DxI3R8OUhMlvf2nvgUAcPxaXiV5MQQ1Nwy09ADpnLQUqRw==",
      "license": "MIT",
      "peer": true,
      "dependencies": {
        "@babel/parser": "^7.23.0",
        "@vue/compiler-core": "3.3.8",
        "@vue/shared": "3.3.8",
        "estree-walker": "^2.0.2",
        "magic-string": "^0.30.5"
      }
    },
    "node_modules/@vue/runtime-core": {
      "version": "3.3.8",
      "resolved": "http://10.100.1.25:4873/@vue%2fruntime-core/-/runtime-core-3.3.8.tgz",
      "integrity": "sha512-qurzOlb6q26KWQ/8IShHkMDOuJkQnQcTIp1sdP4I9MbCf9FJeGVRXJFr2mF+6bXh/3Zjr9TDgURXrsCr9bfjUw==",
      "license": "MIT",
      "peer": true,
      "dependencies": {
        "@vue/reactivity": "3.3.8",
        "@vue/shared": "3.3.8"
      }
    },
    "node_modules/@vue/runtime-dom": {
      "version": "3.3.8",
      "resolved": "http://10.100.1.25:4873/@vue%2fruntime-dom/-/runtime-dom-3.3.8.tgz",
      "integrity": "sha512-Noy5yM5UIf9UeFoowBVgghyGGPIDPy1Qlqt0yVsUdAVbqI8eeMSsTqBtauaEoT2UFXUk5S64aWVNJN4MJ2vRdA==",
      "license": "MIT",
      "peer": true,
      "dependencies": {
        "@vue/runtime-core": "3.3.8",
        "@vue/shared": "3.3.8",
        "csstype": "^3.1.2"
      }
    },
    "node_modules/@vue/server-renderer": {
      "version": "3.3.8",
      "resolved": "http://10.100.1.25:4873/@vue%2fserver-renderer/-/server-renderer-3.3.8.tgz",
      "integrity": "sha512-zVCUw7RFskvPuNlPn/8xISbrf0zTWsTSdYTsUTN1ERGGZGVnRxM2QZ3x1OR32+vwkkCm0IW6HmJ49IsPm7ilLg==",
      "license": "MIT",
      "peer": true,
      "dependencies": {
        "@vue/compiler-ssr": "3.3.8",
        "@vue/shared": "3.3.8"
      },
      "peerDependencies": {
        "vue": "3.3.8"
      }
    },
    "node_modules/@vue/shared": {
      "version": "3.3.8",
      "resolved": "http://10.100.1.25:4873/@vue%2fshared/-/shared-3.3.8.tgz",
      "integrity": "sha512-8PGwybFwM4x8pcfgqEQFy70NaQxASvOC5DJwLQfpArw1UDfUXrJkdxD3BhVTMS+0Lef/TU7YO0Jvr0jJY8T+mw==",
      "license": "MIT",
      "peer": true
    },
    "node_modules/@vueuse/core": {
      "version": "9.13.0",
      "resolved": "http://10.100.1.25:4873/@vueuse%2fcore/-/core-9.13.0.tgz",
      "integrity": "sha512-pujnclbeHWxxPRqXWmdkKV5OX4Wk4YeK7wusHqRwU0Q7EFusHoqNA/aPhB6KCh9hEqJkLAJo7bb0Lh9b+OIVzw==",
      "license": "MIT",
      "dependencies": {
        "@types/web-bluetooth": "^0.0.16",
        "@vueuse/metadata": "9.13.0",
        "@vueuse/shared": "9.13.0",
        "vue-demi": "*"
      },
      "funding": {
        "url": "https://github.com/sponsors/antfu"
      }
    },
    "node_modules/@vueuse/core/node_modules/vue-demi": {
      "version": "0.14.6",
      "resolved": "http://10.100.1.25:4873/vue-demi/-/vue-demi-0.14.6.tgz",
      "integrity": "sha512-8QA7wrYSHKaYgUxDA5ZC24w+eHm3sYCbp0EzcDwKqN3p6HqtTCGR/GVsPyZW92unff4UlcSh++lmqDWN3ZIq4w==",
      "hasInstallScript": true,
      "license": "MIT",
      "bin": {
        "vue-demi-fix": "bin/vue-demi-fix.js",
        "vue-demi-switch": "bin/vue-demi-switch.js"
      },
      "engines": {
        "node": ">=12"
      },
      "funding": {
        "url": "https://github.com/sponsors/antfu"
      },
      "peerDependencies": {
        "@vue/composition-api": "^1.0.0-rc.1",
        "vue": "^3.0.0-0 || ^2.6.0"
      },
      "peerDependenciesMeta": {
        "@vue/composition-api": {
          "optional": true
        }
      }
    },
    "node_modules/@vueuse/metadata": {
      "version": "9.13.0",
      "resolved": "http://10.100.1.25:4873/@vueuse%2fmetadata/-/metadata-9.13.0.tgz",
      "integrity": "sha512-gdU7TKNAUVlXXLbaF+ZCfte8BjRJQWPCa2J55+7/h+yDtzw3vOoGQDRXzI6pyKyo6bXFT5/QoPE4hAknExjRLQ==",
      "license": "MIT",
      "funding": {
        "url": "https://github.com/sponsors/antfu"
      }
    },
    "node_modules/@vueuse/shared": {
      "version": "9.13.0",
      "resolved": "http://10.100.1.25:4873/@vueuse%2fshared/-/shared-9.13.0.tgz",
      "integrity": "sha512-UrnhU+Cnufu4S6JLCPZnkWh0WwZGUp72ktOF2DFptMlOs3TOdVv8xJN53zhHGARmVOsz5KqOls09+J1NR6sBKw==",
      "license": "MIT",
      "dependencies": {
        "vue-demi": "*"
      },
      "funding": {
        "url": "https://github.com/sponsors/antfu"
      }
    },
    "node_modules/@vueuse/shared/node_modules/vue-demi": {
      "version": "0.14.6",
      "resolved": "http://10.100.1.25:4873/vue-demi/-/vue-demi-0.14.6.tgz",
      "integrity": "sha512-8QA7wrYSHKaYgUxDA5ZC24w+eHm3sYCbp0EzcDwKqN3p6HqtTCGR/GVsPyZW92unff4UlcSh++lmqDWN3ZIq4w==",
      "hasInstallScript": true,
      "license": "MIT",
      "bin": {
        "vue-demi-fix": "bin/vue-demi-fix.js",
        "vue-demi-switch": "bin/vue-demi-switch.js"
      },
      "engines": {
        "node": ">=12"
      },
      "funding": {
        "url": "https://github.com/sponsors/antfu"
      },
      "peerDependencies": {
        "@vue/composition-api": "^1.0.0-rc.1",
        "vue": "^3.0.0-0 || ^2.6.0"
      },
      "peerDependenciesMeta": {
        "@vue/composition-api": {
          "optional": true
        }
      }
    },
    "node_modules/async-validator": {
      "version": "4.2.5",
      "resolved": "http://10.100.1.25:4873/async-validator/-/async-validator-4.2.5.tgz",
      "integrity": "sha512-7HhHjtERjqlNbZtqNqy2rckN/SpOOlmDliet+lP7k+eKZEjPk3DgyeU9lIXLdeLz0uBbbVp+9Qdow9wJWgwwfg==",
      "license": "MIT"
    },
    "node_modules/csstype": {
      "version": "3.1.2",
      "resolved": "http://10.100.1.25:4873/csstype/-/csstype-3.1.2.tgz",
      "integrity": "sha512-I7K1Uu0MBPzaFKg4nI5Q7Vs2t+3gWWW648spaF+Rg7pI9ds18Ugn+lvg4SHczUdKlHI5LWBXyqfS8+DufyBsgQ==",
      "license": "MIT",
      "peer": true
    },
    "node_modules/dayjs": {
      "version": "1.11.10",
      "resolved": "http://10.100.1.25:4873/dayjs/-/dayjs-1.11.10.tgz",
      "integrity": "sha512-vjAczensTgRcqDERK0SR2XMwsF/tSvnvlv6VcF2GIhg6Sx4yOIt/irsr1RDJsKiIyBzJDpCoXiWWq28MqH2cnQ==",
      "license": "MIT"
    },
    "node_modules/element-plus": {
      "version": "2.4.2",
      "resolved": "http://10.100.1.25:4873/element-plus/-/element-plus-2.4.2.tgz",
      "integrity": "sha512-E/HwXX7JF1LPvQSjs0fZ8WblIoc0quoXsRXQZiL7QDq7xJdNGSUaXtdk7xiEv7axPmLfEFtxE5du9fFspDrmJw==",
      "license": "MIT",
      "dependencies": {
        "@ctrl/tinycolor": "^3.4.1",
        "@element-plus/icons-vue": "^2.0.6",
        "@floating-ui/dom": "^1.0.1",
        "@popperjs/core": "npm:@sxzz/popperjs-es@^2.11.7",
        "@types/lodash": "^4.14.182",
        "@types/lodash-es": "^4.17.6",
        "@vueuse/core": "^9.1.0",
        "async-validator": "^4.2.5",
        "dayjs": "^1.11.3",
        "escape-html": "^1.0.3",
        "lodash": "^4.17.21",
        "lodash-es": "^4.17.21",
        "lodash-unified": "^1.0.2",
        "memoize-one": "^6.0.0",
        "normalize-wheel-es": "^1.2.0"
      },
      "peerDependencies": {
        "vue": "^3.2.0"
      }
    },
    "node_modules/escape-html": {
      "version": "1.0.3",
      "resolved": "http://10.100.1.25:4873/escape-html/-/escape-html-1.0.3.tgz",
      "integrity": "sha1-Aljq5NPQwJdN4cFpGI7wBR0dGYg=",
      "license": "MIT"
    },
    "node_modules/estree-walker": {
      "version": "2.0.2",
      "resolved": "http://10.100.1.25:4873/estree-walker/-/estree-walker-2.0.2.tgz",
      "integrity": "sha1-UvAQF4wqTBF6d1fP6UKtt9LaTKw=",
      "license": "MIT",
      "peer": true
    },
    "node_modules/lodash": {
      "version": "4.17.21",
      "resolved": "http://10.100.1.25:4873/lodash/-/lodash-4.17.21.tgz",
      "integrity": "sha1-Z5WRxWTDv/quhFTPCz3zcMPWkRw=",
      "license": "MIT"
    },
    "node_modules/lodash-es": {
      "version": "4.17.21",
      "resolved": "http://10.100.1.25:4873/lodash-es/-/lodash-es-4.17.21.tgz",
      "integrity": "sha1-Q+YmxG5lkbd1C+srUBFzkMYJ4+4=",
      "license": "MIT"
    },
    "node_modules/lodash-unified": {
      "version": "1.0.3",
      "resolved": "http://10.100.1.25:4873/lodash-unified/-/lodash-unified-1.0.3.tgz",
      "integrity": "sha512-WK9qSozxXOD7ZJQlpSqOT+om2ZfcT4yO+03FuzAHD0wF6S0l0090LRPDx3vhTTLZ8cFKpBn+IOcVXK6qOcIlfQ==",
      "license": "MIT",
      "peerDependencies": {
        "@types/lodash-es": "*",
        "lodash": "*",
        "lodash-es": "*"
      }
    },
    "node_modules/magic-string": {
      "version": "0.30.5",
      "resolved": "http://10.100.1.25:4873/magic-string/-/magic-string-0.30.5.tgz",
      "integrity": "sha512-7xlpfBaQaP/T6Vh8MO/EqXSW5En6INHEvEXQiuff7Gku0PWjU3uf6w/j9o7O+SpB5fOAkrI5HeoNgwjEO0pFsA==",
      "license": "MIT",
      "peer": true,
      "dependencies": {
        "@jridgewell/sourcemap-codec": "^1.4.15"
      },
      "engines": {
        "node": ">=12"
      }
    },
    "node_modules/memoize-one": {
      "version": "6.0.0",
      "resolved": "http://10.100.1.25:4873/memoize-one/-/memoize-one-6.0.0.tgz",
      "integrity": "sha1-slkbhx7YKUiu5HJ9xqvO7qyMEEU=",
      "license": "MIT"
    },
    "node_modules/nanoid": {
      "version": "3.3.7",
      "resolved": "http://10.100.1.25:4873/nanoid/-/nanoid-3.3.7.tgz",
      "integrity": "sha512-eSRppjcPIatRIMC1U6UngP8XFcz8MQWGQdt1MTBQ7NaAmvXDfvNxbvWV3x2y6CdEUciCSsDHDQZbhYaB8QEo2g==",
      "funding": [
        {
          "type": "github",
          "url": "https://github.com/sponsors/ai"
        }
      ],
      "license": "MIT",
      "peer": true,
      "bin": {
        "nanoid": "bin/nanoid.cjs"
      },
      "engines": {
        "node": "^10 || ^12 || ^13.7 || ^14 || >=15.0.1"
      }
    },
    "node_modules/normalize-wheel-es": {
      "version": "1.2.0",
      "resolved": "http://10.100.1.25:4873/normalize-wheel-es/-/normalize-wheel-es-1.2.0.tgz",
      "integrity": "sha512-Wj7+EJQ8mSuXr2iWfnujrimU35R2W4FAErEyTmJoJ7ucwTn2hOUSsRehMb5RSYkxXGTM7Y9QpvPmp++w5ftoJw==",
      "license": "BSD-3-Clause"
    },
    "node_modules/picocolors": {
      "version": "1.0.0",
      "resolved": "http://10.100.1.25:4873/picocolors/-/picocolors-1.0.0.tgz",
      "integrity": "sha1-y1vcdP8/UYkiNur3nWi8RFZKuBw=",
      "license": "ISC",
      "peer": true
    },
    "node_modules/postcss": {
      "version": "8.4.31",
      "resolved": "http://10.100.1.25:4873/postcss/-/postcss-8.4.31.tgz",
      "integrity": "sha512-PS08Iboia9mts/2ygV3eLpY5ghnUcfLV/EXTOW1E2qYxJKGGBUtNjN76FYHnMs36RmARn41bC0AZmn+rR0OVpQ==",
      "funding": [
        {
          "type": "opencollective",
          "url": "https://opencollective.com/postcss/"
        },
        {
          "type": "tidelift",
          "url": "https://tidelift.com/funding/github/npm/postcss"
        },
        {
          "type": "github",
          "url": "https://github.com/sponsors/ai"
        }
      ],
      "license": "MIT",
      "peer": true,
      "dependencies": {
        "nanoid": "^3.3.6",
        "picocolors": "^1.0.0",
        "source-map-js": "^1.0.2"
      },
      "engines": {
        "node": "^10 || ^12 || >=14"
      }
    },
    "node_modules/source-map-js": {
      "version": "1.0.2",
      "resolved": "http://10.100.1.25:4873/source-map-js/-/source-map-js-1.0.2.tgz",
      "integrity": "sha512-R0XvVJ9WusLiqTCEiGCmICCMplcCkIwwR11mOSD9CR5u+IXYdiseeEuXCVAjS54zqwkLcPNnmU4OeJ6tUrWhDw==",
      "license": "BSD-3-Clause",
      "peer": true,
      "engines": {
        "node": ">=0.10.0"
      }
    },
    "node_modules/vue": {
      "version": "3.3.8",
      "resolved": "http://10.100.1.25:4873/vue/-/vue-3.3.8.tgz",
      "integrity": "sha512-5VSX/3DabBikOXMsxzlW8JyfeLKlG9mzqnWgLQLty88vdZL7ZJgrdgBOmrArwxiLtmS+lNNpPcBYqrhE6TQW5w==",
      "license": "MIT",
      "peer": true,
      "dependencies": {
        "@vue/compiler-dom": "3.3.8",
        "@vue/compiler-sfc": "3.3.8",
        "@vue/runtime-dom": "3.3.8",
        "@vue/server-renderer": "3.3.8",
        "@vue/shared": "3.3.8"
      },
      "peerDependencies": {
        "typescript": "*"
      },
      "peerDependenciesMeta": {
        "typescript": {
          "optional": true
        }
      }
    }
  },
  "dependencies": {
    "@babel/parser": {
      "version": "7.23.3",
      "resolved": "http://10.100.1.25:4873/@babel%2fparser/-/parser-7.23.3.tgz",
      "integrity": "sha512-uVsWNvlVsIninV2prNz/3lHCb+5CJ+e+IUBfbjToAHODtfGYLfCFuY4AU7TskI+dAKk+njsPiBjq1gKTvZOBaw==",
      "peer": true
    },
    "@ctrl/tinycolor": {
      "version": "3.6.1",
      "resolved": "http://10.100.1.25:4873/@ctrl%2ftinycolor/-/tinycolor-3.6.1.tgz",
      "integrity": "sha512-SITSV6aIXsuVNV3f3O0f2n/cgyEDWoSqtZMYiAmcsYHydcKrOz3gUxB/iXd/Qf08+IZX4KpgNbvUdMBmWz+kcA=="
    },
    "@element-plus/icons-vue": {
      "version": "2.1.0",
      "resolved": "http://10.100.1.25:4873/@element-plus%2ficons-vue/-/icons-vue-2.1.0.tgz",
      "integrity": "sha512-PSBn3elNoanENc1vnCfh+3WA9fimRC7n+fWkf3rE5jvv+aBohNHABC/KAR5KWPecxWxDTVT1ERpRbOMRcOV/vA==",
      "requires": {}
    },
    "@floating-ui/core": {
      "version": "1.5.0",
      "resolved": "http://10.100.1.25:4873/@floating-ui%2fcore/-/core-1.5.0.tgz",
      "integrity": "sha512-kK1h4m36DQ0UHGj5Ah4db7R0rHemTqqO0QLvUqi1/mUUp3LuAWbWxdxSIf/XsnH9VS6rRVPLJCncjRzUvyCLXg==",
      "requires": {
        "@floating-ui/utils": "^0.1.3"
      }
    },
    "@floating-ui/dom": {
      "version": "1.5.3",
      "resolved": "http://10.100.1.25:4873/@floating-ui%2fdom/-/dom-1.5.3.tgz",
      "integrity": "sha512-ClAbQnEqJAKCJOEbbLo5IUlZHkNszqhuxS4fHAVxRPXPya6Ysf2G8KypnYcOTpx6I8xcgF9bbHb6g/2KpbV8qA==",
      "requires": {
        "@floating-ui/core": "^1.4.2",
        "@floating-ui/utils": "^0.1.3"
      }
    },
    "@floating-ui/utils": {
      "version": "0.1.6",
      "resolved": "http://10.100.1.25:4873/@floating-ui%2futils/-/utils-0.1.6.tgz",
      "integrity": "sha512-OfX7E2oUDYxtBvsuS4e/jSn4Q9Qb6DzgeYtsAdkPZ47znpoNsMgZw0+tVijiv3uGNR6dgNlty6r9rzIzHjtd/A=="
    },
    "@jridgewell/sourcemap-codec": {
      "version": "1.4.15",
      "resolved": "http://10.100.1.25:4873/@jridgewell%2fsourcemap-codec/-/sourcemap-codec-1.4.15.tgz",
      "integrity": "sha512-eF2rxCRulEKXHTRiDrDy6erMYWqNw4LPdQ8UQA4huuxaQsVeRPFl2oM8oDGxMFhJUWZf9McpLtJasDDZb/Bpeg==",
      "peer": true
    },
    "@popperjs/core": {
      "version": "npm:@sxzz/popperjs-es@2.11.7",
      "resolved": "http://10.100.1.25:4873/@sxzz%2fpopperjs-es/-/popperjs-es-2.11.7.tgz",
      "integrity": "sha512-Ccy0NlLkzr0Ex2FKvh2X+OyERHXJ88XJ1MXtsI9y9fGexlaXaVTPzBCRBwIxFkORuOb+uBqeu+RqnpgYTEZRUQ=="
    },
    "@types/lodash": {
      "version": "4.14.201",
      "resolved": "http://10.100.1.25:4873/@types%2flodash/-/lodash-4.14.201.tgz",
      "integrity": "sha512-y9euML0cim1JrykNxADLfaG0FgD1g/yTHwUs/Jg9ZIU7WKj2/4IW9Lbb1WZbvck78W/lfGXFfe+u2EGfIJXdLQ=="
    },
    "@types/lodash-es": {
      "version": "4.17.11",
      "resolved": "http://10.100.1.25:4873/@types%2flodash-es/-/lodash-es-4.17.11.tgz",
      "integrity": "sha512-eCw8FYAWHt2DDl77s+AMLLzPn310LKohruumpucZI4oOFJkIgnlaJcy23OKMJxx4r9PeTF13Gv6w+jqjWQaYUg==",
      "requires": {
        "@types/lodash": "*"
      }
    },
    "@types/web-bluetooth": {
      "version": "0.0.16",
      "resolved": "http://10.100.1.25:4873/@types%2fweb-bluetooth/-/web-bluetooth-0.0.16.tgz",
      "integrity": "sha512-oh8q2Zc32S6gd/j50GowEjKLoOVOwHP/bWVjKJInBwQqdOYMdPrf1oVlelTlyfFK3CKxL1uahMDAr+vy8T7yMQ=="
    },
    "@vue/compiler-core": {
      "version": "3.3.8",
      "resolved": "http://10.100.1.25:4873/@vue%2fcompiler-core/-/compiler-core-3.3.8.tgz",
      "integrity": "sha512-hN/NNBUECw8SusQvDSqqcVv6gWq8L6iAktUR0UF3vGu2OhzRqcOiAno0FmBJWwxhYEXRlQJT5XnoKsVq1WZx4g==",
      "peer": true,
      "requires": {
        "@babel/parser": "^7.23.0",
        "@vue/shared": "3.3.8",
        "estree-walker": "^2.0.2",
        "source-map-js": "^1.0.2"
      }
    },
    "@vue/compiler-dom": {
      "version": "3.3.8",
      "resolved": "http://10.100.1.25:4873/@vue%2fcompiler-dom/-/compiler-dom-3.3.8.tgz",
      "integrity": "sha512-+PPtv+p/nWDd0AvJu3w8HS0RIm/C6VGBIRe24b9hSyNWOAPEUosFZ5diwawwP8ip5sJ8n0Pe87TNNNHnvjs0FQ==",
      "peer": true,
      "requires": {
        "@vue/compiler-core": "3.3.8",
        "@vue/shared": "3.3.8"
      }
    },
    "@vue/compiler-sfc": {
      "version": "3.3.8",
      "resolved": "http://10.100.1.25:4873/@vue%2fcompiler-sfc/-/compiler-sfc-3.3.8.tgz",
      "integrity": "sha512-WMzbUrlTjfYF8joyT84HfwwXo+8WPALuPxhy+BZ6R4Aafls+jDBnSz8PDz60uFhuqFbl3HxRfxvDzrUf3THwpA==",
      "peer": true,
      "requires": {
        "@babel/parser": "^7.23.0",
        "@vue/compiler-core": "3.3.8",
        "@vue/compiler-dom": "3.3.8",
        "@vue/compiler-ssr": "3.3.8",
        "@vue/reactivity-transform": "3.3.8",
        "@vue/shared": "3.3.8",
        "estree-walker": "^2.0.2",
        "magic-string": "^0.30.5",
        "postcss": "^8.4.31",
        "source-map-js": "^1.0.2"
      }
    },
    "@vue/compiler-ssr": {
      "version": "3.3.8",
      "resolved": "http://10.100.1.25:4873/@vue%2fcompiler-ssr/-/compiler-ssr-3.3.8.tgz",
      "integrity": "sha512-hXCqQL/15kMVDBuoBYpUnSYT8doDNwsjvm3jTefnXr+ytn294ySnT8NlsFHmTgKNjwpuFy7XVV8yTeLtNl/P6w==",
      "peer": true,
      "requires": {
        "@vue/compiler-dom": "3.3.8",
        "@vue/shared": "3.3.8"
      }
    },
    "@vue/reactivity": {
      "version": "3.3.8",
      "resolved": "http://10.100.1.25:4873/@vue%2freactivity/-/reactivity-3.3.8.tgz",
      "integrity": "sha512-ctLWitmFBu6mtddPyOKpHg8+5ahouoTCRtmAHZAXmolDtuZXfjL2T3OJ6DL6ezBPQB1SmMnpzjiWjCiMYmpIuw==",
      "peer": true,
      "requires": {
        "@vue/shared": "3.3.8"
      }
    },
    "@vue/reactivity-transform": {
      "version": "3.3.8",
      "resolved": "http://10.100.1.25:4873/@vue%2freactivity-transform/-/reactivity-transform-3.3.8.tgz",
      "integrity": "sha512-49CvBzmZNtcHua0XJ7GdGifM8GOXoUMOX4dD40Y5DxI3R8OUhMlvf2nvgUAcPxaXiV5MQQ1Nwy09ADpnLQUqRw==",
      "peer": true,
      "requires": {
        "@babel/parser": "^7.23.0",
        "@vue/compiler-core": "3.3.8",
        "@vue/shared": "3.3.8",
        "estree-walker": "^2.0.2",
        "magic-string": "^0.30.5"
      }
    },
    "@vue/runtime-core": {
      "version": "3.3.8",
      "resolved": "http://10.100.1.25:4873/@vue%2fruntime-core/-/runtime-core-3.3.8.tgz",
      "integrity": "sha512-qurzOlb6q26KWQ/8IShHkMDOuJkQnQcTIp1sdP4I9MbCf9FJeGVRXJFr2mF+6bXh/3Zjr9TDgURXrsCr9bfjUw==",
      "peer": true,
      "requires": {
        "@vue/reactivity": "3.3.8",
        "@vue/shared": "3.3.8"
      }
    },
    "@vue/runtime-dom": {
      "version": "3.3.8",
      "resolved": "http://10.100.1.25:4873/@vue%2fruntime-dom/-/runtime-dom-3.3.8.tgz",
      "integrity": "sha512-Noy5yM5UIf9UeFoowBVgghyGGPIDPy1Qlqt0yVsUdAVbqI8eeMSsTqBtauaEoT2UFXUk5S64aWVNJN4MJ2vRdA==",
      "peer": true,
      "requires": {
        "@vue/runtime-core": "3.3.8",
        "@vue/shared": "3.3.8",
        "csstype": "^3.1.2"
      }
    },
    "@vue/server-renderer": {
      "version": "3.3.8",
      "resolved": "http://10.100.1.25:4873/@vue%2fserver-renderer/-/server-renderer-3.3.8.tgz",
      "integrity": "sha512-zVCUw7RFskvPuNlPn/8xISbrf0zTWsTSdYTsUTN1ERGGZGVnRxM2QZ3x1OR32+vwkkCm0IW6HmJ49IsPm7ilLg==",
      "peer": true,
      "requires": {
        "@vue/compiler-ssr": "3.3.8",
        "@vue/shared": "3.3.8"
      }
    },
    "@vue/shared": {
      "version": "3.3.8",
      "resolved": "http://10.100.1.25:4873/@vue%2fshared/-/shared-3.3.8.tgz",
      "integrity": "sha512-8PGwybFwM4x8pcfgqEQFy70NaQxASvOC5DJwLQfpArw1UDfUXrJkdxD3BhVTMS+0Lef/TU7YO0Jvr0jJY8T+mw==",
      "peer": true
    },
    "@vueuse/core": {
      "version": "9.13.0",
      "resolved": "http://10.100.1.25:4873/@vueuse%2fcore/-/core-9.13.0.tgz",
      "integrity": "sha512-pujnclbeHWxxPRqXWmdkKV5OX4Wk4YeK7wusHqRwU0Q7EFusHoqNA/aPhB6KCh9hEqJkLAJo7bb0Lh9b+OIVzw==",
      "requires": {
        "@types/web-bluetooth": "^0.0.16",
        "@vueuse/metadata": "9.13.0",
        "@vueuse/shared": "9.13.0",
        "vue-demi": "*"
      },
      "dependencies": {
        "vue-demi": {
          "version": "0.14.6",
          "resolved": "http://10.100.1.25:4873/vue-demi/-/vue-demi-0.14.6.tgz",
          "integrity": "sha512-8QA7wrYSHKaYgUxDA5ZC24w+eHm3sYCbp0EzcDwKqN3p6HqtTCGR/GVsPyZW92unff4UlcSh++lmqDWN3ZIq4w==",
          "requires": {}
        }
      }
    },
    "@vueuse/metadata": {
      "version": "9.13.0",
      "resolved": "http://10.100.1.25:4873/@vueuse%2fmetadata/-/metadata-9.13.0.tgz",
      "integrity": "sha512-gdU7TKNAUVlXXLbaF+ZCfte8BjRJQWPCa2J55+7/h+yDtzw3vOoGQDRXzI6pyKyo6bXFT5/QoPE4hAknExjRLQ=="
    },
    "@vueuse/shared": {
      "version": "9.13.0",
      "resolved": "http://10.100.1.25:4873/@vueuse%2fshared/-/shared-9.13.0.tgz",
      "integrity": "sha512-UrnhU+Cnufu4S6JLCPZnkWh0WwZGUp72ktOF2DFptMlOs3TOdVv8xJN53zhHGARmVOsz5KqOls09+J1NR6sBKw==",
      "requires": {
        "vue-demi": "*"
      },
      "dependencies": {
        "vue-demi": {
          "version": "0.14.6",
          "resolved": "http://10.100.1.25:4873/vue-demi/-/vue-demi-0.14.6.tgz",
          "integrity": "sha512-8QA7wrYSHKaYgUxDA5ZC24w+eHm3sYCbp0EzcDwKqN3p6HqtTCGR/GVsPyZW92unff4UlcSh++lmqDWN3ZIq4w==",
          "requires": {}
        }
      }
    },
    "async-validator": {
      "version": "4.2.5",
      "resolved": "http://10.100.1.25:4873/async-validator/-/async-validator-4.2.5.tgz",
      "integrity": "sha512-7HhHjtERjqlNbZtqNqy2rckN/SpOOlmDliet+lP7k+eKZEjPk3DgyeU9lIXLdeLz0uBbbVp+9Qdow9wJWgwwfg=="
    },
    "csstype": {
      "version": "3.1.2",
      "resolved": "http://10.100.1.25:4873/csstype/-/csstype-3.1.2.tgz",
      "integrity": "sha512-I7K1Uu0MBPzaFKg4nI5Q7Vs2t+3gWWW648spaF+Rg7pI9ds18Ugn+lvg4SHczUdKlHI5LWBXyqfS8+DufyBsgQ==",
      "peer": true
    },
    "dayjs": {
      "version": "1.11.10",
      "resolved": "http://10.100.1.25:4873/dayjs/-/dayjs-1.11.10.tgz",
      "integrity": "sha512-vjAczensTgRcqDERK0SR2XMwsF/tSvnvlv6VcF2GIhg6Sx4yOIt/irsr1RDJsKiIyBzJDpCoXiWWq28MqH2cnQ=="
    },
    "element-plus": {
      "version": "http://10.100.1.25:4873/element-plus/-/element-plus-2.4.2.tgz",
      "integrity": "sha512-E/HwXX7JF1LPvQSjs0fZ8WblIoc0quoXsRXQZiL7QDq7xJdNGSUaXtdk7xiEv7axPmLfEFtxE5du9fFspDrmJw==",
      "requires": {
        "@ctrl/tinycolor": "^3.4.1",
        "@element-plus/icons-vue": "^2.0.6",
        "@floating-ui/dom": "^1.0.1",
        "@popperjs/core": "npm:@sxzz/popperjs-es@^2.11.7",
        "@types/lodash": "^4.14.182",
        "@types/lodash-es": "^4.17.6",
        "@vueuse/core": "^9.1.0",
        "async-validator": "^4.2.5",
        "dayjs": "^1.11.3",
        "escape-html": "^1.0.3",
        "lodash": "^4.17.21",
        "lodash-es": "^4.17.21",
        "lodash-unified": "^1.0.2",
        "memoize-one": "^6.0.0",
        "normalize-wheel-es": "^1.2.0"
      }
    },
    "escape-html": {
      "version": "1.0.3",
      "resolved": "http://10.100.1.25:4873/escape-html/-/escape-html-1.0.3.tgz",
      "integrity": "sha1-Aljq5NPQwJdN4cFpGI7wBR0dGYg="
    },
    "estree-walker": {
      "version": "2.0.2",
      "resolved": "http://10.100.1.25:4873/estree-walker/-/estree-walker-2.0.2.tgz",
      "integrity": "sha1-UvAQF4wqTBF6d1fP6UKtt9LaTKw=",
      "peer": true
    },
    "lodash": {
      "version": "4.17.21",
      "resolved": "http://10.100.1.25:4873/lodash/-/lodash-4.17.21.tgz",
      "integrity": "sha1-Z5WRxWTDv/quhFTPCz3zcMPWkRw="
    },
    "lodash-es": {
      "version": "4.17.21",
      "resolved": "http://10.100.1.25:4873/lodash-es/-/lodash-es-4.17.21.tgz",
      "integrity": "sha1-Q+YmxG5lkbd1C+srUBFzkMYJ4+4="
    },
    "lodash-unified": {
      "version": "1.0.3",
      "resolved": "http://10.100.1.25:4873/lodash-unified/-/lodash-unified-1.0.3.tgz",
      "integrity": "sha512-WK9qSozxXOD7ZJQlpSqOT+om2ZfcT4yO+03FuzAHD0wF6S0l0090LRPDx3vhTTLZ8cFKpBn+IOcVXK6qOcIlfQ==",
      "requires": {}
    },
    "magic-string": {
      "version": "0.30.5",
      "resolved": "http://10.100.1.25:4873/magic-string/-/magic-string-0.30.5.tgz",
      "integrity": "sha512-7xlpfBaQaP/T6Vh8MO/EqXSW5En6INHEvEXQiuff7Gku0PWjU3uf6w/j9o7O+SpB5fOAkrI5HeoNgwjEO0pFsA==",
      "peer": true,
      "requires": {
        "@jridgewell/sourcemap-codec": "^1.4.15"
      }
    },
    "memoize-one": {
      "version": "6.0.0",
      "resolved": "http://10.100.1.25:4873/memoize-one/-/memoize-one-6.0.0.tgz",
      "integrity": "sha1-slkbhx7YKUiu5HJ9xqvO7qyMEEU="
    },
    "nanoid": {
      "version": "3.3.7",
      "resolved": "http://10.100.1.25:4873/nanoid/-/nanoid-3.3.7.tgz",
      "integrity": "sha512-eSRppjcPIatRIMC1U6UngP8XFcz8MQWGQdt1MTBQ7NaAmvXDfvNxbvWV3x2y6CdEUciCSsDHDQZbhYaB8QEo2g==",
      "peer": true
    },
    "normalize-wheel-es": {
      "version": "1.2.0",
      "resolved": "http://10.100.1.25:4873/normalize-wheel-es/-/normalize-wheel-es-1.2.0.tgz",
      "integrity": "sha512-Wj7+EJQ8mSuXr2iWfnujrimU35R2W4FAErEyTmJoJ7ucwTn2hOUSsRehMb5RSYkxXGTM7Y9QpvPmp++w5ftoJw=="
    },
    "picocolors": {
      "version": "1.0.0",
      "resolved": "http://10.100.1.25:4873/picocolors/-/picocolors-1.0.0.tgz",
      "integrity": "sha1-y1vcdP8/UYkiNur3nWi8RFZKuBw=",
      "peer": true
    },
    "postcss": {
      "version": "8.4.31",
      "resolved": "http://10.100.1.25:4873/postcss/-/postcss-8.4.31.tgz",
      "integrity": "sha512-PS08Iboia9mts/2ygV3eLpY5ghnUcfLV/EXTOW1E2qYxJKGGBUtNjN76FYHnMs36RmARn41bC0AZmn+rR0OVpQ==",
      "peer": true,
      "requires": {
        "nanoid": "^3.3.6",
        "picocolors": "^1.0.0",
        "source-map-js": "^1.0.2"
      }
    },
    "source-map-js": {
      "version": "1.0.2",
      "resolved": "http://10.100.1.25:4873/source-map-js/-/source-map-js-1.0.2.tgz",
      "integrity": "sha512-R0XvVJ9WusLiqTCEiGCmICCMplcCkIwwR11mOSD9CR5u+IXYdiseeEuXCVAjS54zqwkLcPNnmU4OeJ6tUrWhDw==",
      "peer": true
    },
    "vue": {
      "version": "3.3.8",
      "resolved": "http://10.100.1.25:4873/vue/-/vue-3.3.8.tgz",
      "integrity": "sha512-5VSX/3DabBikOXMsxzlW8JyfeLKlG9mzqnWgLQLty88vdZL7ZJgrdgBOmrArwxiLtmS+lNNpPcBYqrhE6TQW5w==",
      "peer": true,
      "requires": {
        "@vue/compiler-dom": "3.3.8",
        "@vue/compiler-sfc": "3.3.8",
        "@vue/runtime-dom": "3.3.8",
        "@vue/server-renderer": "3.3.8",
        "@vue/shared": "3.3.8"
      }
    }
  }
}
